// !$*UTF8*$!
{
	archiveVersion = 1;
	classes = {
	};
	objectVersion = 56;
	objects = {

/* Begin PBXBuildFile section */
		B58714EC2A134E700063755B /* LaunchScreen.storyboard in Resources */ = {isa = PBXBuildFile; fileRef = B58714EB2A134E700063755B /* LaunchScreen.storyboard */; };
		B58714EE2A135AD40063755B /* ItemDetailsView.swift in Sources */ = {isa = PBXBuildFile; fileRef = B58714ED2A135AD40063755B /* ItemDetailsView.swift */; };
		B58714F02A144F360063755B /* CoreDataChecklistStore.swift in Sources */ = {isa = PBXBuildFile; fileRef = B58714EF2A144F360063755B /* CoreDataChecklistStore.swift */; };
		B58714F22A144F620063755B /* Checklist.swift in Sources */ = {isa = PBXBuildFile; fileRef = B58714F12A144F620063755B /* Checklist.swift */; };
		B58714F42A144F990063755B /* ChecklistItem.swift in Sources */ = {isa = PBXBuildFile; fileRef = B58714F32A144F990063755B /* ChecklistItem.swift */; };
		B58714F62A14560A0063755B /* AddChecklistView.swift in Sources */ = {isa = PBXBuildFile; fileRef = B58714F52A14560A0063755B /* AddChecklistView.swift */; };
		B5A82B132A134937001DC98E /* CarrotListApp.swift in Sources */ = {isa = PBXBuildFile; fileRef = B5A82B122A134937001DC98E /* CarrotListApp.swift */; };
		B5A82B152A134937001DC98E /* ContentView.swift in Sources */ = {isa = PBXBuildFile; fileRef = B5A82B142A134937001DC98E /* ContentView.swift */; };
		B5A82B172A134939001DC98E /* Assets.xcassets in Resources */ = {isa = PBXBuildFile; fileRef = B5A82B162A134939001DC98E /* Assets.xcassets */; };
		B5A82B1A2A134939001DC98E /* Preview Assets.xcassets in Resources */ = {isa = PBXBuildFile; fileRef = B5A82B192A134939001DC98E /* Preview Assets.xcassets */; };
		B5A82B242A134974001DC98E /* Groceries.xcdatamodeld in Sources */ = {isa = PBXBuildFile; fileRef = B5A82B222A134974001DC98E /* Groceries.xcdatamodeld */; };
		B5A82B262A1349B8001DC98E /* CoreDataItemsStore.swift in Sources */ = {isa = PBXBuildFile; fileRef = B5A82B252A1349B8001DC98E /* CoreDataItemsStore.swift */; };
		B5A82B282A134A01001DC98E /* GroceryItem.swift in Sources */ = {isa = PBXBuildFile; fileRef = B5A82B272A134A01001DC98E /* GroceryItem.swift */; };
		B5A82B2A2A134A48001DC98E /* ItemsListView.swift in Sources */ = {isa = PBXBuildFile; fileRef = B5A82B292A134A48001DC98E /* ItemsListView.swift */; };
		B5A82B2E2A134A7F001DC98E /* ChecklistView.swift in Sources */ = {isa = PBXBuildFile; fileRef = B5A82B2D2A134A7F001DC98E /* ChecklistView.swift */; };
		B5A82B302A134A97001DC98E /* AddItemView.swift in Sources */ = {isa = PBXBuildFile; fileRef = B5A82B2F2A134A97001DC98E /* AddItemView.swift */; };
/* End PBXBuildFile section */

/* Begin PBXFileReference section */
		B58714EB2A134E700063755B /* LaunchScreen.storyboard */ = {isa = PBXFileReference; lastKnownFileType = file.storyboard; path = LaunchScreen.storyboard; sourceTree = "<group>"; };
		B58714ED2A135AD40063755B /* ItemDetailsView.swift */ = {isa = PBXFileReference; lastKnownFileType = sourcecode.swift; path = ItemDetailsView.swift; sourceTree = "<group>"; };
		B58714EF2A144F360063755B /* CoreDataChecklistStore.swift */ = {isa = PBXFileReference; lastKnownFileType = sourcecode.swift; path = CoreDataChecklistStore.swift; sourceTree = "<group>"; };
		B58714F12A144F620063755B /* Checklist.swift */ = {isa = PBXFileReference; lastKnownFileType = sourcecode.swift; path = Checklist.swift; sourceTree = "<group>"; };
		B58714F32A144F990063755B /* ChecklistItem.swift */ = {isa = PBXFileReference; lastKnownFileType = sourcecode.swift; path = ChecklistItem.swift; sourceTree = "<group>"; };
		B58714F52A14560A0063755B /* AddChecklistView.swift */ = {isa = PBXFileReference; lastKnownFileType = sourcecode.swift; path = AddChecklistView.swift; sourceTree = "<group>"; };
		B5A82B0F2A134937001DC98E /* CarrotList.app */ = {isa = PBXFileReference; explicitFileType = wrapper.application; includeInIndex = 0; path = CarrotList.app; sourceTree = BUILT_PRODUCTS_DIR; };
		B5A82B122A134937001DC98E /* CarrotListApp.swift */ = {isa = PBXFileReference; lastKnownFileType = sourcecode.swift; path = CarrotListApp.swift; sourceTree = "<group>"; };
		B5A82B142A134937001DC98E /* ContentView.swift */ = {isa = PBXFileReference; lastKnownFileType = sourcecode.swift; path = ContentView.swift; sourceTree = "<group>"; };
		B5A82B162A134939001DC98E /* Assets.xcassets */ = {isa = PBXFileReference; lastKnownFileType = folder.assetcatalog; path = Assets.xcassets; sourceTree = "<group>"; };
		B5A82B192A134939001DC98E /* Preview Assets.xcassets */ = {isa = PBXFileReference; lastKnownFileType = folder.assetcatalog; path = "Preview Assets.xcassets"; sourceTree = "<group>"; };
		B5A82B232A134974001DC98E /* Groceries.xcdatamodel */ = {isa = PBXFileReference; lastKnownFileType = wrapper.xcdatamodel; path = Groceries.xcdatamodel; sourceTree = "<group>"; };
		B5A82B252A1349B8001DC98E /* CoreDataItemsStore.swift */ = {isa = PBXFileReference; lastKnownFileType = sourcecode.swift; path = CoreDataItemsStore.swift; sourceTree = "<group>"; };
		B5A82B272A134A01001DC98E /* GroceryItem.swift */ = {isa = PBXFileReference; lastKnownFileType = sourcecode.swift; path = GroceryItem.swift; sourceTree = "<group>"; };
		B5A82B292A134A48001DC98E /* ItemsListView.swift */ = {isa = PBXFileReference; lastKnownFileType = sourcecode.swift; path = ItemsListView.swift; sourceTree = "<group>"; };
		B5A82B2D2A134A7F001DC98E /* ChecklistView.swift */ = {isa = PBXFileReference; lastKnownFileType = sourcecode.swift; path = ChecklistView.swift; sourceTree = "<group>"; };
		B5A82B2F2A134A97001DC98E /* AddItemView.swift */ = {isa = PBXFileReference; lastKnownFileType = sourcecode.swift; path = AddItemView.swift; sourceTree = "<group>"; };
/* End PBXFileReference section */

/* Begin PBXFrameworksBuildPhase section */
		B5A82B0C2A134937001DC98E /* Frameworks */ = {
			isa = PBXFrameworksBuildPhase;
			buildActionMask = 2147483647;
			files = (
			);
			runOnlyForDeploymentPostprocessing = 0;
		};
/* End PBXFrameworksBuildPhase section */

/* Begin PBXGroup section */
		B5A82B062A134937001DC98E = {
			isa = PBXGroup;
			children = (
				B5A82B112A134937001DC98E /* CarrotList */,
				B5A82B102A134937001DC98E /* Products */,
			);
			sourceTree = "<group>";
		};
		B5A82B102A134937001DC98E /* Products */ = {
			isa = PBXGroup;
			children = (
				B5A82B0F2A134937001DC98E /* CarrotList.app */,
			);
			name = Products;
			sourceTree = "<group>";
		};
		B5A82B112A134937001DC98E /* CarrotList */ = {
			isa = PBXGroup;
			children = (
				B5A82B212A13494B001DC98E /* View */,
				B5A82B202A134944001DC98E /* Model */,
				B5A82B122A134937001DC98E /* CarrotListApp.swift */,
				B5A82B162A134939001DC98E /* Assets.xcassets */,
				B5A82B182A134939001DC98E /* Preview Content */,
				B58714EB2A134E700063755B /* LaunchScreen.storyboard */,
			);
			path = CarrotList;
			sourceTree = "<group>";
		};
		B5A82B182A134939001DC98E /* Preview Content */ = {
			isa = PBXGroup;
			children = (
				B5A82B192A134939001DC98E /* Preview Assets.xcassets */,
			);
			path = "Preview Content";
			sourceTree = "<group>";
		};
		B5A82B202A134944001DC98E /* Model */ = {
			isa = PBXGroup;
			children = (
				B5A82B222A134974001DC98E /* Groceries.xcdatamodeld */,
				B5A82B252A1349B8001DC98E /* CoreDataItemsStore.swift */,
				B5A82B272A134A01001DC98E /* GroceryItem.swift */,
				B58714EF2A144F360063755B /* CoreDataChecklistStore.swift */,
				B58714F12A144F620063755B /* Checklist.swift */,
				B58714F32A144F990063755B /* ChecklistItem.swift */,
			);
			path = Model;
			sourceTree = "<group>";
		};
		B5A82B212A13494B001DC98E /* View */ = {
			isa = PBXGroup;
			children = (
				B5A82B142A134937001DC98E /* ContentView.swift */,
				B5A82B292A134A48001DC98E /* ItemsListView.swift */,
				B5A82B2D2A134A7F001DC98E /* ChecklistView.swift */,
				B5A82B2F2A134A97001DC98E /* AddItemView.swift */,
				B58714ED2A135AD40063755B /* ItemDetailsView.swift */,
				B58714F52A14560A0063755B /* AddChecklistView.swift */,
			);
			path = View;
			sourceTree = "<group>";
		};
/* End PBXGroup section */

/* Begin PBXNativeTarget section */
		B5A82B0E2A134937001DC98E /* CarrotList */ = {
			isa = PBXNativeTarget;
			buildConfigurationList = B5A82B1D2A134939001DC98E /* Build configuration list for PBXNativeTarget "CarrotList" */;
			buildPhases = (
				B5A82B0B2A134937001DC98E /* Sources */,
				B5A82B0C2A134937001DC98E /* Frameworks */,
				B5A82B0D2A134937001DC98E /* Resources */,
			);
			buildRules = (
			);
			dependencies = (
			);
			name = CarrotList;
			productName = CarrotList;
			productReference = B5A82B0F2A134937001DC98E /* CarrotList.app */;
			productType = "com.apple.product-type.application";
		};
/* End PBXNativeTarget section */

/* Begin PBXProject section */
		B5A82B072A134937001DC98E /* Project object */ = {
			isa = PBXProject;
			attributes = {
				BuildIndependentTargetsInParallel = 1;
				LastSwiftUpdateCheck = 1420;
				LastUpgradeCheck = 1420;
				TargetAttributes = {
					B5A82B0E2A134937001DC98E = {
						CreatedOnToolsVersion = 14.2;
					};
				};
			};
			buildConfigurationList = B5A82B0A2A134937001DC98E /* Build configuration list for PBXProject "CarrotList" */;
			compatibilityVersion = "Xcode 14.0";
			developmentRegion = en;
			hasScannedForEncodings = 0;
			knownRegions = (
				en,
				Base,
			);
			mainGroup = B5A82B062A134937001DC98E;
			productRefGroup = B5A82B102A134937001DC98E /* Products */;
			projectDirPath = "";
			projectRoot = "";
			targets = (
				B5A82B0E2A134937001DC98E /* CarrotList */,
			);
		};
/* End PBXProject section */

/* Begin PBXResourcesBuildPhase section */
		B5A82B0D2A134937001DC98E /* Resources */ = {
			isa = PBXResourcesBuildPhase;
			buildActionMask = 2147483647;
			files = (
				B58714EC2A134E700063755B /* LaunchScreen.storyboard in Resources */,
				B5A82B1A2A134939001DC98E /* Preview Assets.xcassets in Resources */,
				B5A82B172A134939001DC98E /* Assets.xcassets in Resources */,
			);
			runOnlyForDeploymentPostprocessing = 0;
		};
/* End PBXResourcesBuildPhase section */

/* Begin PBXSourcesBuildPhase section */
		B5A82B0B2A134937001DC98E /* Sources */ = {
			isa = PBXSourcesBuildPhase;
			buildActionMask = 2147483647;
			files = (
				B5A82B242A134974001DC98E /* Groceries.xcdatamodeld in Sources */,
				B5A82B302A134A97001DC98E /* AddItemView.swift in Sources */,
				B5A82B2A2A134A48001DC98E /* ItemsListView.swift in Sources */,
				B5A82B2E2A134A7F001DC98E /* ChecklistView.swift in Sources */,
				B5A82B262A1349B8001DC98E /* CoreDataItemsStore.swift in Sources */,
				B5A82B152A134937001DC98E /* ContentView.swift in Sources */,
				B5A82B282A134A01001DC98E /* GroceryItem.swift in Sources */,
				B58714F42A144F990063755B /* ChecklistItem.swift in Sources */,
				B58714F62A14560A0063755B /* AddChecklistView.swift in Sources */,
				B58714EE2A135AD40063755B /* ItemDetailsView.swift in Sources */,
				B5A82B132A134937001DC98E /* CarrotListApp.swift in Sources */,
				B58714F22A144F620063755B /* Checklist.swift in Sources */,
				B58714F02A144F360063755B /* CoreDataChecklistStore.swift in Sources */,
			);
			runOnlyForDeploymentPostprocessing = 0;
		};
/* End PBXSourcesBuildPhase section */

/* Begin XCBuildConfiguration section */
		B5A82B1B2A134939001DC98E /* Debug */ = {
			isa = XCBuildConfiguration;
			buildSettings = {
				ALWAYS_SEARCH_USER_PATHS = NO;
				CLANG_ANALYZER_NONNULL = YES;
				CLANG_ANALYZER_NUMBER_OBJECT_CONVERSION = YES_AGGRESSIVE;
				CLANG_CXX_LANGUAGE_STANDARD = "gnu++20";
				CLANG_ENABLE_MODULES = YES;
				CLANG_ENABLE_OBJC_ARC = YES;
				CLANG_ENABLE_OBJC_WEAK = YES;
				CLANG_WARN_BLOCK_CAPTURE_AUTORELEASING = YES;
				CLANG_WARN_BOOL_CONVERSION = YES;
				CLANG_WARN_COMMA = YES;
				CLANG_WARN_CONSTANT_CONVERSION = YES;
				CLANG_WARN_DEPRECATED_OBJC_IMPLEMENTATIONS = YES;
				CLANG_WARN_DIRECT_OBJC_ISA_USAGE = YES_ERROR;
				CLANG_WARN_DOCUMENTATION_COMMENTS = YES;
				CLANG_WARN_EMPTY_BODY = YES;
				CLANG_WARN_ENUM_CONVERSION = YES;
				CLANG_WARN_INFINITE_RECURSION = YES;
				CLANG_WARN_INT_CONVERSION = YES;
				CLANG_WARN_NON_LITERAL_NULL_CONVERSION = YES;
				CLANG_WARN_OBJC_IMPLICIT_RETAIN_SELF = YES;
				CLANG_WARN_OBJC_LITERAL_CONVERSION = YES;
				CLANG_WARN_OBJC_ROOT_CLASS = YES_ERROR;
				CLANG_WARN_QUOTED_INCLUDE_IN_FRAMEWORK_HEADER = YES;
				CLANG_WARN_RANGE_LOOP_ANALYSIS = YES;
				CLANG_WARN_STRICT_PROTOTYPES = YES;
				CLANG_WARN_SUSPICIOUS_MOVE = YES;
				CLANG_WARN_UNGUARDED_AVAILABILITY = YES_AGGRESSIVE;
				CLANG_WARN_UNREACHABLE_CODE = YES;
				CLANG_WARN__DUPLICATE_METHOD_MATCH = YES;
				COPY_PHASE_STRIP = NO;
				DEBUG_INFORMATION_FORMAT = dwarf;
				ENABLE_STRICT_OBJC_MSGSEND = YES;
				ENABLE_TESTABILITY = YES;
				GCC_C_LANGUAGE_STANDARD = gnu11;
				GCC_DYNAMIC_NO_PIC = NO;
				GCC_NO_COMMON_BLOCKS = YES;
				GCC_OPTIMIZATION_LEVEL = 0;
				GCC_PREPROCESSOR_DEFINITIONS = (
					"DEBUG=1",
					"$(inherited)",
				);
				GCC_WARN_64_TO_32_BIT_CONVERSION = YES;
				GCC_WARN_ABOUT_RETURN_TYPE = YES_ERROR;
				GCC_WARN_UNDECLARED_SELECTOR = YES;
				GCC_WARN_UNINITIALIZED_AUTOS = YES_AGGRESSIVE;
				GCC_WARN_UNUSED_FUNCTION = YES;
				GCC_WARN_UNUSED_VARIABLE = YES;
				IPHONEOS_DEPLOYMENT_TARGET = 16.2;
				MTL_ENABLE_DEBUG_INFO = INCLUDE_SOURCE;
				MTL_FAST_MATH = YES;
				ONLY_ACTIVE_ARCH = YES;
				SDKROOT = iphoneos;
				SWIFT_ACTIVE_COMPILATION_CONDITIONS = DEBUG;
				SWIFT_OPTIMIZATION_LEVEL = "-Onone";
			};
			name = Debug;
		};
		B5A82B1C2A134939001DC98E /* Release */ = {
			isa = XCBuildConfiguration;
			buildSettings = {
				ALWAYS_SEARCH_USER_PATHS = NO;
				CLANG_ANALYZER_NONNULL = YES;
				CLANG_ANALYZER_NUMBER_OBJECT_CONVERSION = YES_AGGRESSIVE;
				CLANG_CXX_LANGUAGE_STANDARD = "gnu++20";
				CLANG_ENABLE_MODULES = YES;
				CLANG_ENABLE_OBJC_ARC = YES;
				CLANG_ENABLE_OBJC_WEAK = YES;
				CLANG_WARN_BLOCK_CAPTURE_AUTORELEASING = YES;
				CLANG_WARN_BOOL_CONVERSION = YES;
				CLANG_WARN_COMMA = YES;
				CLANG_WARN_CONSTANT_CONVERSION = YES;
				CLANG_WARN_DEPRECATED_OBJC_IMPLEMENTATIONS = YES;
				CLANG_WARN_DIRECT_OBJC_ISA_USAGE = YES_ERROR;
				CLANG_WARN_DOCUMENTATION_COMMENTS = YES;
				CLANG_WARN_EMPTY_BODY = YES;
				CLANG_WARN_ENUM_CONVERSION = YES;
				CLANG_WARN_INFINITE_RECURSION = YES;
				CLANG_WARN_INT_CONVERSION = YES;
				CLANG_WARN_NON_LITERAL_NULL_CONVERSION = YES;
				CLANG_WARN_OBJC_IMPLICIT_RETAIN_SELF = YES;
				CLANG_WARN_OBJC_LITERAL_CONVERSION = YES;
				CLANG_WARN_OBJC_ROOT_CLASS = YES_ERROR;
				CLANG_WARN_QUOTED_INCLUDE_IN_FRAMEWORK_HEADER = YES;
				CLANG_WARN_RANGE_LOOP_ANALYSIS = YES;
				CLANG_WARN_STRICT_PROTOTYPES = YES;
				CLANG_WARN_SUSPICIOUS_MOVE = YES;
				CLANG_WARN_UNGUARDED_AVAILABILITY = YES_AGGRESSIVE;
				CLANG_WARN_UNREACHABLE_CODE = YES;
				CLANG_WARN__DUPLICATE_METHOD_MATCH = YES;
				COPY_PHASE_STRIP = NO;
				DEBUG_INFORMATION_FORMAT = "dwarf-with-dsym";
				ENABLE_NS_ASSERTIONS = NO;
				ENABLE_STRICT_OBJC_MSGSEND = YES;
				GCC_C_LANGUAGE_STANDARD = gnu11;
				GCC_NO_COMMON_BLOCKS = YES;
				GCC_WARN_64_TO_32_BIT_CONVERSION = YES;
				GCC_WARN_ABOUT_RETURN_TYPE = YES_ERROR;
				GCC_WARN_UNDECLARED_SELECTOR = YES;
				GCC_WARN_UNINITIALIZED_AUTOS = YES_AGGRESSIVE;
				GCC_WARN_UNUSED_FUNCTION = YES;
				GCC_WARN_UNUSED_VARIABLE = YES;
				IPHONEOS_DEPLOYMENT_TARGET = 16.2;
				MTL_ENABLE_DEBUG_INFO = NO;
				MTL_FAST_MATH = YES;
				SDKROOT = iphoneos;
				SWIFT_COMPILATION_MODE = wholemodule;
				SWIFT_OPTIMIZATION_LEVEL = "-O";
				VALIDATE_PRODUCT = YES;
			};
			name = Release;
		};
		B5A82B1E2A134939001DC98E /* Debug */ = {
			isa = XCBuildConfiguration;
			buildSettings = {
				ASSETCATALOG_COMPILER_APPICON_NAME = AppIcon;
				ASSETCATALOG_COMPILER_GLOBAL_ACCENT_COLOR_NAME = AccentColor;
				CODE_SIGN_STYLE = Automatic;
				CURRENT_PROJECT_VERSION = 1;
				DEVELOPMENT_ASSET_PATHS = "\"CarrotList/Preview Content\"";
				ENABLE_PREVIEWS = YES;
				GENERATE_INFOPLIST_FILE = YES;
				INFOPLIST_KEY_CFBundleDisplayName = CarrotList;
				INFOPLIST_KEY_UIApplicationSceneManifest_Generation = YES;
				INFOPLIST_KEY_UIApplicationSupportsIndirectInputEvents = YES;
				INFOPLIST_KEY_UILaunchScreen_Generation = YES;
				INFOPLIST_KEY_UILaunchStoryboardName = LaunchScreen.storyboard;
				INFOPLIST_KEY_UISupportedInterfaceOrientations_iPad = "UIInterfaceOrientationPortrait UIInterfaceOrientationPortraitUpsideDown UIInterfaceOrientationLandscapeLeft UIInterfaceOrientationLandscapeRight";
				INFOPLIST_KEY_UISupportedInterfaceOrientations_iPhone = "UIInterfaceOrientationPortrait UIInterfaceOrientationLandscapeLeft UIInterfaceOrientationLandscapeRight";
				LD_RUNPATH_SEARCH_PATHS = (
					"$(inherited)",
					"@executable_path/Frameworks",
				);
				MARKETING_VERSION = 1.0;
				PRODUCT_BUNDLE_IDENTIFIER = AShi.CarrotList;
				PRODUCT_NAME = "$(TARGET_NAME)";
				SWIFT_EMIT_LOC_STRINGS = YES;
				SWIFT_VERSION = 5.0;
				TARGETED_DEVICE_FAMILY = "1,2";
			};
			name = Debug;
		};
		B5A82B1F2A134939001DC98E /* Release */ = {
			isa = XCBuildConfiguration;
			buildSettings = {
				ASSETCATALOG_COMPILER_APPICON_NAME = AppIcon;
				ASSETCATALOG_COMPILER_GLOBAL_ACCENT_COLOR_NAME = AccentColor;
				CODE_SIGN_STYLE = Automatic;
				CURRENT_PROJECT_VERSION = 1;
				DEVELOPMENT_ASSET_PATHS = "\"CarrotList/Preview Content\"";
				ENABLE_PREVIEWS = YES;
				GENERATE_INFOPLIST_FILE = YES;
				INFOPLIST_KEY_CFBundleDisplayName = CarrotList;
				INFOPLIST_KEY_UIApplicationSceneManifest_Generation = YES;
				INFOPLIST_KEY_UIApplicationSupportsIndirectInputEvents = YES;
				INFOPLIST_KEY_UILaunchScreen_Generation = YES;
				INFOPLIST_KEY_UILaunchStoryboardName = LaunchScreen.storyboard;
				INFOPLIST_KEY_UISupportedInterfaceOrientations_iPad = "UIInterfaceOrientationPortrait UIInterfaceOrientationPortraitUpsideDown UIInterfaceOrientationLandscapeLeft UIInterfaceOrientationLandscapeRight";
				INFOPLIST_KEY_UISupportedInterfaceOrientations_iPhone = "UIInterfaceOrientationPortrait UIInterfaceOrientationLandscapeLeft UIInterfaceOrientationLandscapeRight";
				LD_RUNPATH_SEARCH_PATHS = (
					"$(inherited)",
					"@executable_path/Frameworks",
				);
				MARKETING_VERSION = 1.0;
				PRODUCT_BUNDLE_IDENTIFIER = AShi.CarrotList;
				PRODUCT_NAME = "$(TARGET_NAME)";
				SWIFT_EMIT_LOC_STRINGS = YES;
				SWIFT_VERSION = 5.0;
				TARGETED_DEVICE_FAMILY = "1,2";
			};
			name = Release;
		};
/* End XCBuildConfiguration section */

/* Begin XCConfigurationList section */
		B5A82B0A2A134937001DC98E /* Build configuration list for PBXProject "CarrotList" */ = {
			isa = XCConfigurationList;
			buildConfigurations = (
				B5A82B1B2A134939001DC98E /* Debug */,
				B5A82B1C2A134939001DC98E /* Release */,
			);
			defaultConfigurationIsVisible = 0;
			defaultConfigurationName = Release;
		};
		B5A82B1D2A134939001DC98E /* Build configuration list for PBXNativeTarget "CarrotList" */ = {
			isa = XCConfigurationList;
			buildConfigurations = (
				B5A82B1E2A134939001DC98E /* Debug */,
				B5A82B1F2A134939001DC98E /* Release */,
			);
			defaultConfigurationIsVisible = 0;
			defaultConfigurationName = Release;
		};
/* End XCConfigurationList section */

/* Begin XCVersionGroup section */
		B5A82B222A134974001DC98E /* Groceries.xcdatamodeld */ = {
			isa = XCVersionGroup;
			children = (
				B5A82B232A134974001DC98E /* Groceries.xcdatamodel */,
			);
			currentVersion = B5A82B232A134974001DC98E /* Groceries.xcdatamodel */;
			path = Groceries.xcdatamodeld;
			sourceTree = "<group>";
			versionGroupType = wrapper.xcdatamodel;
		};
/* End XCVersionGroup section */
	};
	rootObject = B5A82B072A134937001DC98E /* Project object */;
}
