// !$*UTF8*$!
{
	archiveVersion = 1;
	classes = {
	};
	objectVersion = 56;
	objects = {

/* Begin PBXBuildFile section */
		B50EE08029E50C8600CB2C92 /* GroceryListApp.swift in Sources */ = {isa = PBXBuildFile; fileRef = B50EE07F29E50C8600CB2C92 /* GroceryListApp.swift */; };
		B50EE08229E50C8600CB2C92 /* ContentView.swift in Sources */ = {isa = PBXBuildFile; fileRef = B50EE08129E50C8600CB2C92 /* ContentView.swift */; };
		B50EE08429E50C8800CB2C92 /* Assets.xcassets in Resources */ = {isa = PBXBuildFile; fileRef = B50EE08329E50C8800CB2C92 /* Assets.xcassets */; };
		B50EE08729E50C8800CB2C92 /* Preview Assets.xcassets in Resources */ = {isa = PBXBuildFile; fileRef = B50EE08629E50C8800CB2C92 /* Preview Assets.xcassets */; };
		B551951329EDC0CF00CBDDE0 /* ItemsListView.swift in Sources */ = {isa = PBXBuildFile; fileRef = B551951229EDC0CF00CBDDE0 /* ItemsListView.swift */; };
		B551951529EDC10400CBDDE0 /* StoresView.swift in Sources */ = {isa = PBXBuildFile; fileRef = B551951429EDC10400CBDDE0 /* StoresView.swift */; };
		B551951729EDC11E00CBDDE0 /* ChecklistView.swift in Sources */ = {isa = PBXBuildFile; fileRef = B551951629EDC11E00CBDDE0 /* ChecklistView.swift */; };
		B551951929EDC61900CBDDE0 /* Launch Screen.storyboard in Resources */ = {isa = PBXBuildFile; fileRef = B551951829EDC61900CBDDE0 /* Launch Screen.storyboard */; };
		B5C54BCE2A096995001E2CF7 /* CoreDataItemsStore.swift in Sources */ = {isa = PBXBuildFile; fileRef = B5C54BCD2A096995001E2CF7 /* CoreDataItemsStore.swift */; };
		B5C54BD02A096BFE001E2CF7 /* GroceryItem.swift in Sources */ = {isa = PBXBuildFile; fileRef = B5C54BCF2A096BFE001E2CF7 /* GroceryItem.swift */; };
		B5C54BD22A096C30001E2CF7 /* Shop.swift in Sources */ = {isa = PBXBuildFile; fileRef = B5C54BD12A096C30001E2CF7 /* Shop.swift */; };
		B5C54BD72A097D65001E2CF7 /* AddItemView.swift in Sources */ = {isa = PBXBuildFile; fileRef = B5C54BD62A097D65001E2CF7 /* AddItemView.swift */; };
		B5C54BDB2A0D8C41001E2CF7 /* PriceHistory.swift in Sources */ = {isa = PBXBuildFile; fileRef = B5C54BDA2A0D8C41001E2CF7 /* PriceHistory.swift */; };
		B5C54BDE2A11FB07001E2CF7 /* NumberWheelPicker in Frameworks */ = {isa = PBXBuildFile; productRef = B5C54BDD2A11FB07001E2CF7 /* NumberWheelPicker */; };
		B5C54BE32A1306E3001E2CF7 /* Groceries.xcdatamodeld in Sources */ = {isa = PBXBuildFile; fileRef = B5C54BE12A1306E3001E2CF7 /* Groceries.xcdatamodeld */; };
/* End PBXBuildFile section */

/* Begin PBXFileReference section */
		B50EE07C29E50C8600CB2C92 /* GroceryList.app */ = {isa = PBXFileReference; explicitFileType = wrapper.application; includeInIndex = 0; path = GroceryList.app; sourceTree = BUILT_PRODUCTS_DIR; };
		B50EE07F29E50C8600CB2C92 /* GroceryListApp.swift */ = {isa = PBXFileReference; lastKnownFileType = sourcecode.swift; path = GroceryListApp.swift; sourceTree = "<group>"; };
		B50EE08129E50C8600CB2C92 /* ContentView.swift */ = {isa = PBXFileReference; lastKnownFileType = sourcecode.swift; path = ContentView.swift; sourceTree = "<group>"; };
		B50EE08329E50C8800CB2C92 /* Assets.xcassets */ = {isa = PBXFileReference; lastKnownFileType = folder.assetcatalog; path = Assets.xcassets; sourceTree = "<group>"; };
		B50EE08629E50C8800CB2C92 /* Preview Assets.xcassets */ = {isa = PBXFileReference; lastKnownFileType = folder.assetcatalog; path = "Preview Assets.xcassets"; sourceTree = "<group>"; };
		B551951229EDC0CF00CBDDE0 /* ItemsListView.swift */ = {isa = PBXFileReference; lastKnownFileType = sourcecode.swift; path = ItemsListView.swift; sourceTree = "<group>"; };
		B551951429EDC10400CBDDE0 /* StoresView.swift */ = {isa = PBXFileReference; lastKnownFileType = sourcecode.swift; path = StoresView.swift; sourceTree = "<group>"; };
		B551951629EDC11E00CBDDE0 /* ChecklistView.swift */ = {isa = PBXFileReference; lastKnownFileType = sourcecode.swift; path = ChecklistView.swift; sourceTree = "<group>"; };
		B551951829EDC61900CBDDE0 /* Launch Screen.storyboard */ = {isa = PBXFileReference; lastKnownFileType = file.storyboard; path = "Launch Screen.storyboard"; sourceTree = "<group>"; };
		B551951A29EDDB5C00CBDDE0 /* Info.plist */ = {isa = PBXFileReference; lastKnownFileType = text.plist; path = Info.plist; sourceTree = "<group>"; };
		B5C54BCD2A096995001E2CF7 /* CoreDataItemsStore.swift */ = {isa = PBXFileReference; lastKnownFileType = sourcecode.swift; path = CoreDataItemsStore.swift; sourceTree = "<group>"; };
		B5C54BCF2A096BFE001E2CF7 /* GroceryItem.swift */ = {isa = PBXFileReference; lastKnownFileType = sourcecode.swift; path = GroceryItem.swift; sourceTree = "<group>"; };
		B5C54BD12A096C30001E2CF7 /* Shop.swift */ = {isa = PBXFileReference; lastKnownFileType = sourcecode.swift; path = Shop.swift; sourceTree = "<group>"; };
		B5C54BD62A097D65001E2CF7 /* AddItemView.swift */ = {isa = PBXFileReference; lastKnownFileType = sourcecode.swift; path = AddItemView.swift; sourceTree = "<group>"; };
		B5C54BDA2A0D8C41001E2CF7 /* PriceHistory.swift */ = {isa = PBXFileReference; lastKnownFileType = sourcecode.swift; path = PriceHistory.swift; sourceTree = "<group>"; };
		B5C54BE22A1306E3001E2CF7 /* Groceries.xcdatamodel */ = {isa = PBXFileReference; lastKnownFileType = wrapper.xcdatamodel; path = Groceries.xcdatamodel; sourceTree = "<group>"; };
/* End PBXFileReference section */

/* Begin PBXFrameworksBuildPhase section */
		B50EE07929E50C8600CB2C92 /* Frameworks */ = {
			isa = PBXFrameworksBuildPhase;
			buildActionMask = 2147483647;
			files = (
				B5C54BDE2A11FB07001E2CF7 /* NumberWheelPicker in Frameworks */,
			);
			runOnlyForDeploymentPostprocessing = 0;
		};
/* End PBXFrameworksBuildPhase section */

/* Begin PBXGroup section */
		B50EE07329E50C8500CB2C92 = {
			isa = PBXGroup;
			children = (
				B50EE07E29E50C8600CB2C92 /* GroceryList */,
				B50EE07D29E50C8600CB2C92 /* Products */,
			);
			sourceTree = "<group>";
		};
		B50EE07D29E50C8600CB2C92 /* Products */ = {
			isa = PBXGroup;
			children = (
				B50EE07C29E50C8600CB2C92 /* GroceryList.app */,
			);
			name = Products;
			sourceTree = "<group>";
		};
		B50EE07E29E50C8600CB2C92 /* GroceryList */ = {
			isa = PBXGroup;
			children = (
				B50EE08329E50C8800CB2C92 /* Assets.xcassets */,
				B50EE07F29E50C8600CB2C92 /* GroceryListApp.swift */,
				B551951A29EDDB5C00CBDDE0 /* Info.plist */,
				B551951829EDC61900CBDDE0 /* Launch Screen.storyboard */,
				B5C54BCC2A0968EC001E2CF7 /* Model */,
				B50EE08529E50C8800CB2C92 /* Preview Content */,
				B5C54BCB2A096624001E2CF7 /* Views */,
			);
			path = GroceryList;
			sourceTree = "<group>";
		};
		B50EE08529E50C8800CB2C92 /* Preview Content */ = {
			isa = PBXGroup;
			children = (
				B50EE08629E50C8800CB2C92 /* Preview Assets.xcassets */,
			);
			path = "Preview Content";
			sourceTree = "<group>";
		};
		B5C54BCB2A096624001E2CF7 /* Views */ = {
			isa = PBXGroup;
			children = (
				B50EE08129E50C8600CB2C92 /* ContentView.swift */,
				B551951229EDC0CF00CBDDE0 /* ItemsListView.swift */,
				B551951429EDC10400CBDDE0 /* StoresView.swift */,
				B551951629EDC11E00CBDDE0 /* ChecklistView.swift */,
				B5C54BD62A097D65001E2CF7 /* AddItemView.swift */,
			);
			path = Views;
			sourceTree = "<group>";
		};
		B5C54BCC2A0968EC001E2CF7 /* Model */ = {
			isa = PBXGroup;
			children = (
				B5C54BCD2A096995001E2CF7 /* CoreDataItemsStore.swift */,
				B5C54BCF2A096BFE001E2CF7 /* GroceryItem.swift */,
				B5C54BD12A096C30001E2CF7 /* Shop.swift */,
				B5C54BDA2A0D8C41001E2CF7 /* PriceHistory.swift */,
				B5C54BE12A1306E3001E2CF7 /* Groceries.xcdatamodeld */,
			);
			path = Model;
			sourceTree = "<group>";
		};
/* End PBXGroup section */

/* Begin PBXNativeTarget section */
		B50EE07B29E50C8600CB2C92 /* GroceryList */ = {
			isa = PBXNativeTarget;
			buildConfigurationList = B50EE08A29E50C8800CB2C92 /* Build configuration list for PBXNativeTarget "GroceryList" */;
			buildPhases = (
				B50EE07829E50C8600CB2C92 /* Sources */,
				B50EE07929E50C8600CB2C92 /* Frameworks */,
				B50EE07A29E50C8600CB2C92 /* Resources */,
			);
			buildRules = (
			);
			dependencies = (
			);
			name = GroceryList;
			packageProductDependencies = (
				B5C54BDD2A11FB07001E2CF7 /* NumberWheelPicker */,
			);
			productName = GroceryList;
			productReference = B50EE07C29E50C8600CB2C92 /* GroceryList.app */;
			productType = "com.apple.product-type.application";
		};
/* End PBXNativeTarget section */

/* Begin PBXProject section */
		B50EE07429E50C8500CB2C92 /* Project object */ = {
			isa = PBXProject;
			attributes = {
				BuildIndependentTargetsInParallel = 1;
				LastSwiftUpdateCheck = 1420;
				LastUpgradeCheck = 1420;
				TargetAttributes = {
					B50EE07B29E50C8600CB2C92 = {
						CreatedOnToolsVersion = 14.2;
					};
				};
			};
			buildConfigurationList = B50EE07729E50C8500CB2C92 /* Build configuration list for PBXProject "GroceryList" */;
			compatibilityVersion = "Xcode 14.0";
			developmentRegion = en;
			hasScannedForEncodings = 0;
			knownRegions = (
				en,
				Base,
			);
			mainGroup = B50EE07329E50C8500CB2C92;
			packageReferences = (
				B5C54BDC2A11FB07001E2CF7 /* XCRemoteSwiftPackageReference "NumberWheelPicker" */,
			);
			productRefGroup = B50EE07D29E50C8600CB2C92 /* Products */;
			projectDirPath = "";
			projectRoot = "";
			targets = (
				B50EE07B29E50C8600CB2C92 /* GroceryList */,
			);
		};
/* End PBXProject section */

/* Begin PBXResourcesBuildPhase section */
		B50EE07A29E50C8600CB2C92 /* Resources */ = {
			isa = PBXResourcesBuildPhase;
			buildActionMask = 2147483647;
			files = (
				B551951929EDC61900CBDDE0 /* Launch Screen.storyboard in Resources */,
				B50EE08729E50C8800CB2C92 /* Preview Assets.xcassets in Resources */,
				B50EE08429E50C8800CB2C92 /* Assets.xcassets in Resources */,
			);
			runOnlyForDeploymentPostprocessing = 0;
		};
/* End PBXResourcesBuildPhase section */

/* Begin PBXSourcesBuildPhase section */
		B50EE07829E50C8600CB2C92 /* Sources */ = {
			isa = PBXSourcesBuildPhase;
			buildActionMask = 2147483647;
			files = (
				B5C54BDB2A0D8C41001E2CF7 /* PriceHistory.swift in Sources */,
				B5C54BCE2A096995001E2CF7 /* CoreDataItemsStore.swift in Sources */,
				B5C54BE32A1306E3001E2CF7 /* Groceries.xcdatamodeld in Sources */,
				B551951329EDC0CF00CBDDE0 /* ItemsListView.swift in Sources */,
				B551951729EDC11E00CBDDE0 /* ChecklistView.swift in Sources */,
				B5C54BD72A097D65001E2CF7 /* AddItemView.swift in Sources */,
				B50EE08229E50C8600CB2C92 /* ContentView.swift in Sources */,
				B5C54BD02A096BFE001E2CF7 /* GroceryItem.swift in Sources */,
				B551951529EDC10400CBDDE0 /* StoresView.swift in Sources */,
				B50EE08029E50C8600CB2C92 /* GroceryListApp.swift in Sources */,
				B5C54BD22A096C30001E2CF7 /* Shop.swift in Sources */,
			);
			runOnlyForDeploymentPostprocessing = 0;
		};
/* End PBXSourcesBuildPhase section */

/* Begin XCBuildConfiguration section */
		B50EE08829E50C8800CB2C92 /* Debug */ = {
			isa = XCBuildConfiguration;
			buildSettings = {
				ALWAYS_SEARCH_USER_PATHS = NO;
				CLANG_ANALYZER_NONNULL = YES;
				CLANG_ANALYZER_NUMBER_OBJECT_CONVERSION = YES_AGGRESSIVE;
				CLANG_CXX_LANGUAGE_STANDARD = "gnu++20";
				CLANG_ENABLE_MODULES = YES;
				CLANG_ENABLE_OBJC_ARC = YES;
				CLANG_ENABLE_OBJC_WEAK = YES;
				CLANG_WARN_BLOCK_CAPTURE_AUTORELEASING = YES;
				CLANG_WARN_BOOL_CONVERSION = YES;
				CLANG_WARN_COMMA = YES;
				CLANG_WARN_CONSTANT_CONVERSION = YES;
				CLANG_WARN_DEPRECATED_OBJC_IMPLEMENTATIONS = YES;
				CLANG_WARN_DIRECT_OBJC_ISA_USAGE = YES_ERROR;
				CLANG_WARN_DOCUMENTATION_COMMENTS = YES;
				CLANG_WARN_EMPTY_BODY = YES;
				CLANG_WARN_ENUM_CONVERSION = YES;
				CLANG_WARN_INFINITE_RECURSION = YES;
				CLANG_WARN_INT_CONVERSION = YES;
				CLANG_WARN_NON_LITERAL_NULL_CONVERSION = YES;
				CLANG_WARN_OBJC_IMPLICIT_RETAIN_SELF = YES;
				CLANG_WARN_OBJC_LITERAL_CONVERSION = YES;
				CLANG_WARN_OBJC_ROOT_CLASS = YES_ERROR;
				CLANG_WARN_QUOTED_INCLUDE_IN_FRAMEWORK_HEADER = YES;
				CLANG_WARN_RANGE_LOOP_ANALYSIS = YES;
				CLANG_WARN_STRICT_PROTOTYPES = YES;
				CLANG_WARN_SUSPICIOUS_MOVE = YES;
				CLANG_WARN_UNGUARDED_AVAILABILITY = YES_AGGRESSIVE;
				CLANG_WARN_UNREACHABLE_CODE = YES;
				CLANG_WARN__DUPLICATE_METHOD_MATCH = YES;
				COPY_PHASE_STRIP = NO;
				DEBUG_INFORMATION_FORMAT = dwarf;
				ENABLE_STRICT_OBJC_MSGSEND = YES;
				ENABLE_TESTABILITY = YES;
				GCC_C_LANGUAGE_STANDARD = gnu11;
				GCC_DYNAMIC_NO_PIC = NO;
				GCC_NO_COMMON_BLOCKS = YES;
				GCC_OPTIMIZATION_LEVEL = 0;
				GCC_PREPROCESSOR_DEFINITIONS = (
					"DEBUG=1",
					"$(inherited)",
				);
				GCC_WARN_64_TO_32_BIT_CONVERSION = YES;
				GCC_WARN_ABOUT_RETURN_TYPE = YES_ERROR;
				GCC_WARN_UNDECLARED_SELECTOR = YES;
				GCC_WARN_UNINITIALIZED_AUTOS = YES_AGGRESSIVE;
				GCC_WARN_UNUSED_FUNCTION = YES;
				GCC_WARN_UNUSED_VARIABLE = YES;
				IPHONEOS_DEPLOYMENT_TARGET = 16.2;
				MTL_ENABLE_DEBUG_INFO = INCLUDE_SOURCE;
				MTL_FAST_MATH = YES;
				ONLY_ACTIVE_ARCH = YES;
				SDKROOT = iphoneos;
				SWIFT_ACTIVE_COMPILATION_CONDITIONS = DEBUG;
				SWIFT_OPTIMIZATION_LEVEL = "-Onone";
			};
			name = Debug;
		};
		B50EE08929E50C8800CB2C92 /* Release */ = {
			isa = XCBuildConfiguration;
			buildSettings = {
				ALWAYS_SEARCH_USER_PATHS = NO;
				CLANG_ANALYZER_NONNULL = YES;
				CLANG_ANALYZER_NUMBER_OBJECT_CONVERSION = YES_AGGRESSIVE;
				CLANG_CXX_LANGUAGE_STANDARD = "gnu++20";
				CLANG_ENABLE_MODULES = YES;
				CLANG_ENABLE_OBJC_ARC = YES;
				CLANG_ENABLE_OBJC_WEAK = YES;
				CLANG_WARN_BLOCK_CAPTURE_AUTORELEASING = YES;
				CLANG_WARN_BOOL_CONVERSION = YES;
				CLANG_WARN_COMMA = YES;
				CLANG_WARN_CONSTANT_CONVERSION = YES;
				CLANG_WARN_DEPRECATED_OBJC_IMPLEMENTATIONS = YES;
				CLANG_WARN_DIRECT_OBJC_ISA_USAGE = YES_ERROR;
				CLANG_WARN_DOCUMENTATION_COMMENTS = YES;
				CLANG_WARN_EMPTY_BODY = YES;
				CLANG_WARN_ENUM_CONVERSION = YES;
				CLANG_WARN_INFINITE_RECURSION = YES;
				CLANG_WARN_INT_CONVERSION = YES;
				CLANG_WARN_NON_LITERAL_NULL_CONVERSION = YES;
				CLANG_WARN_OBJC_IMPLICIT_RETAIN_SELF = YES;
				CLANG_WARN_OBJC_LITERAL_CONVERSION = YES;
				CLANG_WARN_OBJC_ROOT_CLASS = YES_ERROR;
				CLANG_WARN_QUOTED_INCLUDE_IN_FRAMEWORK_HEADER = YES;
				CLANG_WARN_RANGE_LOOP_ANALYSIS = YES;
				CLANG_WARN_STRICT_PROTOTYPES = YES;
				CLANG_WARN_SUSPICIOUS_MOVE = YES;
				CLANG_WARN_UNGUARDED_AVAILABILITY = YES_AGGRESSIVE;
				CLANG_WARN_UNREACHABLE_CODE = YES;
				CLANG_WARN__DUPLICATE_METHOD_MATCH = YES;
				COPY_PHASE_STRIP = NO;
				DEBUG_INFORMATION_FORMAT = "dwarf-with-dsym";
				ENABLE_NS_ASSERTIONS = NO;
				ENABLE_STRICT_OBJC_MSGSEND = YES;
				GCC_C_LANGUAGE_STANDARD = gnu11;
				GCC_NO_COMMON_BLOCKS = YES;
				GCC_WARN_64_TO_32_BIT_CONVERSION = YES;
				GCC_WARN_ABOUT_RETURN_TYPE = YES_ERROR;
				GCC_WARN_UNDECLARED_SELECTOR = YES;
				GCC_WARN_UNINITIALIZED_AUTOS = YES_AGGRESSIVE;
				GCC_WARN_UNUSED_FUNCTION = YES;
				GCC_WARN_UNUSED_VARIABLE = YES;
				IPHONEOS_DEPLOYMENT_TARGET = 16.2;
				MTL_ENABLE_DEBUG_INFO = NO;
				MTL_FAST_MATH = YES;
				SDKROOT = iphoneos;
				SWIFT_COMPILATION_MODE = wholemodule;
				SWIFT_OPTIMIZATION_LEVEL = "-O";
				VALIDATE_PRODUCT = YES;
			};
			name = Release;
		};
		B50EE08B29E50C8800CB2C92 /* Debug */ = {
			isa = XCBuildConfiguration;
			buildSettings = {
				ASSETCATALOG_COMPILER_APPICON_NAME = AppIcon;
				ASSETCATALOG_COMPILER_GLOBAL_ACCENT_COLOR_NAME = AccentColor;
				CODE_SIGN_STYLE = Automatic;
				CURRENT_PROJECT_VERSION = 1;
				DEVELOPMENT_ASSET_PATHS = "\"GroceryList/Preview Content\"";
				ENABLE_PREVIEWS = YES;
				GENERATE_INFOPLIST_FILE = YES;
				INFOPLIST_FILE = GroceryList/Info.plist;
				INFOPLIST_KEY_UIApplicationSupportsIndirectInputEvents = YES;
				INFOPLIST_KEY_UILaunchStoryboardName = "Launch Screen.storyboard";
				INFOPLIST_KEY_UISupportedInterfaceOrientations_iPad = "UIInterfaceOrientationPortrait UIInterfaceOrientationPortraitUpsideDown UIInterfaceOrientationLandscapeLeft UIInterfaceOrientationLandscapeRight";
				INFOPLIST_KEY_UISupportedInterfaceOrientations_iPhone = "UIInterfaceOrientationPortrait UIInterfaceOrientationLandscapeLeft UIInterfaceOrientationLandscapeRight";
				LD_RUNPATH_SEARCH_PATHS = (
					"$(inherited)",
					"@executable_path/Frameworks",
				);
				MARKETING_VERSION = 1.0;
				PRODUCT_BUNDLE_IDENTIFIER = AShi.GroceryList;
				PRODUCT_NAME = "$(TARGET_NAME)";
				SWIFT_EMIT_LOC_STRINGS = YES;
				SWIFT_VERSION = 5.0;
				TARGETED_DEVICE_FAMILY = "1,2";
			};
			name = Debug;
		};
		B50EE08C29E50C8800CB2C92 /* Release */ = {
			isa = XCBuildConfiguration;
			buildSettings = {
				ASSETCATALOG_COMPILER_APPICON_NAME = AppIcon;
				ASSETCATALOG_COMPILER_GLOBAL_ACCENT_COLOR_NAME = AccentColor;
				CODE_SIGN_STYLE = Automatic;
				CURRENT_PROJECT_VERSION = 1;
				DEVELOPMENT_ASSET_PATHS = "\"GroceryList/Preview Content\"";
				ENABLE_PREVIEWS = YES;
				GENERATE_INFOPLIST_FILE = YES;
				INFOPLIST_FILE = GroceryList/Info.plist;
				INFOPLIST_KEY_UIApplicationSupportsIndirectInputEvents = YES;
				INFOPLIST_KEY_UILaunchStoryboardName = "Launch Screen.storyboard";
				INFOPLIST_KEY_UISupportedInterfaceOrientations_iPad = "UIInterfaceOrientationPortrait UIInterfaceOrientationPortraitUpsideDown UIInterfaceOrientationLandscapeLeft UIInterfaceOrientationLandscapeRight";
				INFOPLIST_KEY_UISupportedInterfaceOrientations_iPhone = "UIInterfaceOrientationPortrait UIInterfaceOrientationLandscapeLeft UIInterfaceOrientationLandscapeRight";
				LD_RUNPATH_SEARCH_PATHS = (
					"$(inherited)",
					"@executable_path/Frameworks",
				);
				MARKETING_VERSION = 1.0;
				PRODUCT_BUNDLE_IDENTIFIER = AShi.GroceryList;
				PRODUCT_NAME = "$(TARGET_NAME)";
				SWIFT_EMIT_LOC_STRINGS = YES;
				SWIFT_VERSION = 5.0;
				TARGETED_DEVICE_FAMILY = "1,2";
			};
			name = Release;
		};
/* End XCBuildConfiguration section */

/* Begin XCConfigurationList section */
		B50EE07729E50C8500CB2C92 /* Build configuration list for PBXProject "GroceryList" */ = {
			isa = XCConfigurationList;
			buildConfigurations = (
				B50EE08829E50C8800CB2C92 /* Debug */,
				B50EE08929E50C8800CB2C92 /* Release */,
			);
			defaultConfigurationIsVisible = 0;
			defaultConfigurationName = Release;
		};
		B50EE08A29E50C8800CB2C92 /* Build configuration list for PBXNativeTarget "GroceryList" */ = {
			isa = XCConfigurationList;
			buildConfigurations = (
				B50EE08B29E50C8800CB2C92 /* Debug */,
				B50EE08C29E50C8800CB2C92 /* Release */,
			);
			defaultConfigurationIsVisible = 0;
			defaultConfigurationName = Release;
		};
/* End XCConfigurationList section */

/* Begin XCRemoteSwiftPackageReference section */
		B5C54BDC2A11FB07001E2CF7 /* XCRemoteSwiftPackageReference "NumberWheelPicker" */ = {
			isa = XCRemoteSwiftPackageReference;
			repositoryURL = "git@github.com:kublaios/NumberWheelPicker.git";
			requirement = {
				kind = upToNextMajorVersion;
				minimumVersion = 0.0.1;
			};
		};
/* End XCRemoteSwiftPackageReference section */

/* Begin XCSwiftPackageProductDependency section */
		B5C54BDD2A11FB07001E2CF7 /* NumberWheelPicker */ = {
			isa = XCSwiftPackageProductDependency;
			package = B5C54BDC2A11FB07001E2CF7 /* XCRemoteSwiftPackageReference "NumberWheelPicker" */;
			productName = NumberWheelPicker;
		};
/* End XCSwiftPackageProductDependency section */

/* Begin XCVersionGroup section */
		B5C54BE12A1306E3001E2CF7 /* Groceries.xcdatamodeld */ = {
			isa = XCVersionGroup;
			children = (
				B5C54BE22A1306E3001E2CF7 /* Groceries.xcdatamodel */,
			);
			currentVersion = B5C54BE22A1306E3001E2CF7 /* Groceries.xcdatamodel */;
			path = Groceries.xcdatamodeld;
			sourceTree = "<group>";
			versionGroupType = wrapper.xcdatamodel;
		};
/* End XCVersionGroup section */
	};
	rootObject = B50EE07429E50C8500CB2C92 /* Project object */;
}
