// !$*UTF8*$!
{
	archiveVersion = 1;
	classes = {
	};
	objectVersion = 56;
	objects = {

/* Begin PBXBuildFile section */
		B5A82AC72A133C0A001DC98E /* GroceryList2App.swift in Sources */ = {isa = PBXBuildFile; fileRef = B5A82AC62A133C0A001DC98E /* GroceryList2App.swift */; };
		B5A82AC92A133C0A001DC98E /* ContentView.swift in Sources */ = {isa = PBXBuildFile; fileRef = B5A82AC82A133C0A001DC98E /* ContentView.swift */; };
		B5A82ACB2A133C0C001DC98E /* Assets.xcassets in Resources */ = {isa = PBXBuildFile; fileRef = B5A82ACA2A133C0C001DC98E /* Assets.xcassets */; };
		B5A82ACE2A133C0C001DC98E /* Preview Assets.xcassets in Resources */ = {isa = PBXBuildFile; fileRef = B5A82ACD2A133C0C001DC98E /* Preview Assets.xcassets */; };
		B5A82AD02A133C0C001DC98E /* Persistence.swift in Sources */ = {isa = PBXBuildFile; fileRef = B5A82ACF2A133C0C001DC98E /* Persistence.swift */; };
		B5A82AD32A133C0C001DC98E /* GroceryList2.xcdatamodeld in Sources */ = {isa = PBXBuildFile; fileRef = B5A82AD12A133C0C001DC98E /* GroceryList2.xcdatamodeld */; };
		B5A82ADF2A133CD0001DC98E /* Groceries.xcdatamodeld in Sources */ = {isa = PBXBuildFile; fileRef = B5A82ADD2A133CD0001DC98E /* Groceries.xcdatamodeld */; };
		B5A82AE12A133D79001DC98E /* CoreDataItemsStore.swift in Sources */ = {isa = PBXBuildFile; fileRef = B5A82AE02A133D79001DC98E /* CoreDataItemsStore.swift */; };
		B5A82AE32A133DA7001DC98E /* GroceryItem.swift in Sources */ = {isa = PBXBuildFile; fileRef = B5A82AE22A133DA7001DC98E /* GroceryItem.swift */; };
		B5A82AE52A133DC7001DC98E /* PriceHistory.swift in Sources */ = {isa = PBXBuildFile; fileRef = B5A82AE42A133DC7001DC98E /* PriceHistory.swift */; };
		B5A82AE82A133E0B001DC98E /* ItemsListView.swift in Sources */ = {isa = PBXBuildFile; fileRef = B5A82AE72A133E0B001DC98E /* ItemsListView.swift */; };
		B5A82AEA2A133E32001DC98E /* AddItemView.swift in Sources */ = {isa = PBXBuildFile; fileRef = B5A82AE92A133E32001DC98E /* AddItemView.swift */; };
		B5A82AEC2A133E4E001DC98E /* StoresView.swift in Sources */ = {isa = PBXBuildFile; fileRef = B5A82AEB2A133E4E001DC98E /* StoresView.swift */; };
		B5A82AEE2A133E64001DC98E /* ChecklistView.swift in Sources */ = {isa = PBXBuildFile; fileRef = B5A82AED2A133E64001DC98E /* ChecklistView.swift */; };
/* End PBXBuildFile section */

/* Begin PBXFileReference section */
		B5A82AC32A133C0A001DC98E /* GroceryList2.app */ = {isa = PBXFileReference; explicitFileType = wrapper.application; includeInIndex = 0; path = GroceryList2.app; sourceTree = BUILT_PRODUCTS_DIR; };
		B5A82AC62A133C0A001DC98E /* GroceryList2App.swift */ = {isa = PBXFileReference; lastKnownFileType = sourcecode.swift; path = GroceryList2App.swift; sourceTree = "<group>"; };
		B5A82AC82A133C0A001DC98E /* ContentView.swift */ = {isa = PBXFileReference; lastKnownFileType = sourcecode.swift; path = ContentView.swift; sourceTree = "<group>"; };
		B5A82ACA2A133C0C001DC98E /* Assets.xcassets */ = {isa = PBXFileReference; lastKnownFileType = folder.assetcatalog; path = Assets.xcassets; sourceTree = "<group>"; };
		B5A82ACD2A133C0C001DC98E /* Preview Assets.xcassets */ = {isa = PBXFileReference; lastKnownFileType = folder.assetcatalog; path = "Preview Assets.xcassets"; sourceTree = "<group>"; };
		B5A82ACF2A133C0C001DC98E /* Persistence.swift */ = {isa = PBXFileReference; lastKnownFileType = sourcecode.swift; path = Persistence.swift; sourceTree = "<group>"; };
		B5A82AD22A133C0C001DC98E /* GroceryList2.xcdatamodel */ = {isa = PBXFileReference; lastKnownFileType = wrapper.xcdatamodel; path = GroceryList2.xcdatamodel; sourceTree = "<group>"; };
		B5A82ADE2A133CD0001DC98E /* Groceries.xcdatamodel */ = {isa = PBXFileReference; lastKnownFileType = wrapper.xcdatamodel; path = Groceries.xcdatamodel; sourceTree = "<group>"; };
		B5A82AE02A133D79001DC98E /* CoreDataItemsStore.swift */ = {isa = PBXFileReference; lastKnownFileType = sourcecode.swift; path = CoreDataItemsStore.swift; sourceTree = "<group>"; };
		B5A82AE22A133DA7001DC98E /* GroceryItem.swift */ = {isa = PBXFileReference; lastKnownFileType = sourcecode.swift; path = GroceryItem.swift; sourceTree = "<group>"; };
		B5A82AE42A133DC7001DC98E /* PriceHistory.swift */ = {isa = PBXFileReference; lastKnownFileType = sourcecode.swift; path = PriceHistory.swift; sourceTree = "<group>"; };
		B5A82AE72A133E0B001DC98E /* ItemsListView.swift */ = {isa = PBXFileReference; lastKnownFileType = sourcecode.swift; path = ItemsListView.swift; sourceTree = "<group>"; };
		B5A82AE92A133E32001DC98E /* AddItemView.swift */ = {isa = PBXFileReference; lastKnownFileType = sourcecode.swift; path = AddItemView.swift; sourceTree = "<group>"; };
		B5A82AEB2A133E4E001DC98E /* StoresView.swift */ = {isa = PBXFileReference; lastKnownFileType = sourcecode.swift; path = StoresView.swift; sourceTree = "<group>"; };
		B5A82AED2A133E64001DC98E /* ChecklistView.swift */ = {isa = PBXFileReference; lastKnownFileType = sourcecode.swift; path = ChecklistView.swift; sourceTree = "<group>"; };
/* End PBXFileReference section */

/* Begin PBXFrameworksBuildPhase section */
		B5A82AC02A133C0A001DC98E /* Frameworks */ = {
			isa = PBXFrameworksBuildPhase;
			buildActionMask = 2147483647;
			files = (
			);
			runOnlyForDeploymentPostprocessing = 0;
		};
/* End PBXFrameworksBuildPhase section */

/* Begin PBXGroup section */
		B5A82ABA2A133C0A001DC98E = {
			isa = PBXGroup;
			children = (
				B5A82AC52A133C0A001DC98E /* GroceryList2 */,
				B5A82AC42A133C0A001DC98E /* Products */,
			);
			sourceTree = "<group>";
		};
		B5A82AC42A133C0A001DC98E /* Products */ = {
			isa = PBXGroup;
			children = (
				B5A82AC32A133C0A001DC98E /* GroceryList2.app */,
			);
			name = Products;
			sourceTree = "<group>";
		};
		B5A82AC52A133C0A001DC98E /* GroceryList2 */ = {
			isa = PBXGroup;
			children = (
				B5A82AE62A133DE0001DC98E /* View */,
				B5A82AD92A133C90001DC98E /* Model */,
				B5A82AC62A133C0A001DC98E /* GroceryList2App.swift */,
				B5A82ACA2A133C0C001DC98E /* Assets.xcassets */,
				B5A82AD12A133C0C001DC98E /* GroceryList2.xcdatamodeld */,
				B5A82ACC2A133C0C001DC98E /* Preview Content */,
			);
			path = GroceryList2;
			sourceTree = "<group>";
		};
		B5A82ACC2A133C0C001DC98E /* Preview Content */ = {
			isa = PBXGroup;
			children = (
				B5A82ACD2A133C0C001DC98E /* Preview Assets.xcassets */,
			);
			path = "Preview Content";
			sourceTree = "<group>";
		};
		B5A82AD92A133C90001DC98E /* Model */ = {
			isa = PBXGroup;
			children = (
				B5A82ACF2A133C0C001DC98E /* Persistence.swift */,
				B5A82ADD2A133CD0001DC98E /* Groceries.xcdatamodeld */,
				B5A82AE02A133D79001DC98E /* CoreDataItemsStore.swift */,
				B5A82AE22A133DA7001DC98E /* GroceryItem.swift */,
				B5A82AE42A133DC7001DC98E /* PriceHistory.swift */,
			);
			path = Model;
			sourceTree = "<group>";
		};
		B5A82AE62A133DE0001DC98E /* View */ = {
			isa = PBXGroup;
			children = (
				B5A82AC82A133C0A001DC98E /* ContentView.swift */,
				B5A82AE72A133E0B001DC98E /* ItemsListView.swift */,
				B5A82AE92A133E32001DC98E /* AddItemView.swift */,
				B5A82AEB2A133E4E001DC98E /* StoresView.swift */,
				B5A82AED2A133E64001DC98E /* ChecklistView.swift */,
			);
			path = View;
			sourceTree = "<group>";
		};
/* End PBXGroup section */

/* Begin PBXNativeTarget section */
		B5A82AC22A133C0A001DC98E /* GroceryList2 */ = {
			isa = PBXNativeTarget;
			buildConfigurationList = B5A82AD62A133C0C001DC98E /* Build configuration list for PBXNativeTarget "GroceryList2" */;
			buildPhases = (
				B5A82ABF2A133C0A001DC98E /* Sources */,
				B5A82AC02A133C0A001DC98E /* Frameworks */,
				B5A82AC12A133C0A001DC98E /* Resources */,
			);
			buildRules = (
			);
			dependencies = (
			);
			name = GroceryList2;
			productName = GroceryList2;
			productReference = B5A82AC32A133C0A001DC98E /* GroceryList2.app */;
			productType = "com.apple.product-type.application";
		};
/* End PBXNativeTarget section */

/* Begin PBXProject section */
		B5A82ABB2A133C0A001DC98E /* Project object */ = {
			isa = PBXProject;
			attributes = {
				BuildIndependentTargetsInParallel = 1;
				LastSwiftUpdateCheck = 1420;
				LastUpgradeCheck = 1420;
				TargetAttributes = {
					B5A82AC22A133C0A001DC98E = {
						CreatedOnToolsVersion = 14.2;
					};
				};
			};
			buildConfigurationList = B5A82ABE2A133C0A001DC98E /* Build configuration list for PBXProject "CarrotList" */;
			compatibilityVersion = "Xcode 14.0";
			developmentRegion = en;
			hasScannedForEncodings = 0;
			knownRegions = (
				en,
				Base,
			);
			mainGroup = B5A82ABA2A133C0A001DC98E;
			productRefGroup = B5A82AC42A133C0A001DC98E /* Products */;
			projectDirPath = "";
			projectRoot = "";
			targets = (
				B5A82AC22A133C0A001DC98E /* GroceryList2 */,
			);
		};
/* End PBXProject section */

/* Begin PBXResourcesBuildPhase section */
		B5A82AC12A133C0A001DC98E /* Resources */ = {
			isa = PBXResourcesBuildPhase;
			buildActionMask = 2147483647;
			files = (
				B5A82ACE2A133C0C001DC98E /* Preview Assets.xcassets in Resources */,
				B5A82ACB2A133C0C001DC98E /* Assets.xcassets in Resources */,
			);
			runOnlyForDeploymentPostprocessing = 0;
		};
/* End PBXResourcesBuildPhase section */

/* Begin PBXSourcesBuildPhase section */
		B5A82ABF2A133C0A001DC98E /* Sources */ = {
			isa = PBXSourcesBuildPhase;
			buildActionMask = 2147483647;
			files = (
				B5A82AD02A133C0C001DC98E /* Persistence.swift in Sources */,
				B5A82AE82A133E0B001DC98E /* ItemsListView.swift in Sources */,
				B5A82AC92A133C0A001DC98E /* ContentView.swift in Sources */,
				B5A82AEE2A133E64001DC98E /* ChecklistView.swift in Sources */,
				B5A82AE52A133DC7001DC98E /* PriceHistory.swift in Sources */,
				B5A82AEC2A133E4E001DC98E /* StoresView.swift in Sources */,
				B5A82ADF2A133CD0001DC98E /* Groceries.xcdatamodeld in Sources */,
				B5A82AE12A133D79001DC98E /* CoreDataItemsStore.swift in Sources */,
				B5A82AD32A133C0C001DC98E /* GroceryList2.xcdatamodeld in Sources */,
				B5A82AC72A133C0A001DC98E /* GroceryList2App.swift in Sources */,
				B5A82AE32A133DA7001DC98E /* GroceryItem.swift in Sources */,
				B5A82AEA2A133E32001DC98E /* AddItemView.swift in Sources */,
			);
			runOnlyForDeploymentPostprocessing = 0;
		};
/* End PBXSourcesBuildPhase section */

/* Begin XCBuildConfiguration section */
		B5A82AD42A133C0C001DC98E /* Debug */ = {
			isa = XCBuildConfiguration;
			buildSettings = {
				ALWAYS_SEARCH_USER_PATHS = NO;
				CLANG_ANALYZER_NONNULL = YES;
				CLANG_ANALYZER_NUMBER_OBJECT_CONVERSION = YES_AGGRESSIVE;
				CLANG_CXX_LANGUAGE_STANDARD = "gnu++20";
				CLANG_ENABLE_MODULES = YES;
				CLANG_ENABLE_OBJC_ARC = YES;
				CLANG_ENABLE_OBJC_WEAK = YES;
				CLANG_WARN_BLOCK_CAPTURE_AUTORELEASING = YES;
				CLANG_WARN_BOOL_CONVERSION = YES;
				CLANG_WARN_COMMA = YES;
				CLANG_WARN_CONSTANT_CONVERSION = YES;
				CLANG_WARN_DEPRECATED_OBJC_IMPLEMENTATIONS = YES;
				CLANG_WARN_DIRECT_OBJC_ISA_USAGE = YES_ERROR;
				CLANG_WARN_DOCUMENTATION_COMMENTS = YES;
				CLANG_WARN_EMPTY_BODY = YES;
				CLANG_WARN_ENUM_CONVERSION = YES;
				CLANG_WARN_INFINITE_RECURSION = YES;
				CLANG_WARN_INT_CONVERSION = YES;
				CLANG_WARN_NON_LITERAL_NULL_CONVERSION = YES;
				CLANG_WARN_OBJC_IMPLICIT_RETAIN_SELF = YES;
				CLANG_WARN_OBJC_LITERAL_CONVERSION = YES;
				CLANG_WARN_OBJC_ROOT_CLASS = YES_ERROR;
				CLANG_WARN_QUOTED_INCLUDE_IN_FRAMEWORK_HEADER = YES;
				CLANG_WARN_RANGE_LOOP_ANALYSIS = YES;
				CLANG_WARN_STRICT_PROTOTYPES = YES;
				CLANG_WARN_SUSPICIOUS_MOVE = YES;
				CLANG_WARN_UNGUARDED_AVAILABILITY = YES_AGGRESSIVE;
				CLANG_WARN_UNREACHABLE_CODE = YES;
				CLANG_WARN__DUPLICATE_METHOD_MATCH = YES;
				COPY_PHASE_STRIP = NO;
				DEBUG_INFORMATION_FORMAT = dwarf;
				ENABLE_STRICT_OBJC_MSGSEND = YES;
				ENABLE_TESTABILITY = YES;
				GCC_C_LANGUAGE_STANDARD = gnu11;
				GCC_DYNAMIC_NO_PIC = NO;
				GCC_NO_COMMON_BLOCKS = YES;
				GCC_OPTIMIZATION_LEVEL = 0;
				GCC_PREPROCESSOR_DEFINITIONS = (
					"DEBUG=1",
					"$(inherited)",
				);
				GCC_WARN_64_TO_32_BIT_CONVERSION = YES;
				GCC_WARN_ABOUT_RETURN_TYPE = YES_ERROR;
				GCC_WARN_UNDECLARED_SELECTOR = YES;
				GCC_WARN_UNINITIALIZED_AUTOS = YES_AGGRESSIVE;
				GCC_WARN_UNUSED_FUNCTION = YES;
				GCC_WARN_UNUSED_VARIABLE = YES;
				IPHONEOS_DEPLOYMENT_TARGET = 16.2;
				MTL_ENABLE_DEBUG_INFO = INCLUDE_SOURCE;
				MTL_FAST_MATH = YES;
				ONLY_ACTIVE_ARCH = YES;
				SDKROOT = iphoneos;
				SWIFT_ACTIVE_COMPILATION_CONDITIONS = DEBUG;
				SWIFT_OPTIMIZATION_LEVEL = "-Onone";
			};
			name = Debug;
		};
		B5A82AD52A133C0C001DC98E /* Release */ = {
			isa = XCBuildConfiguration;
			buildSettings = {
				ALWAYS_SEARCH_USER_PATHS = NO;
				CLANG_ANALYZER_NONNULL = YES;
				CLANG_ANALYZER_NUMBER_OBJECT_CONVERSION = YES_AGGRESSIVE;
				CLANG_CXX_LANGUAGE_STANDARD = "gnu++20";
				CLANG_ENABLE_MODULES = YES;
				CLANG_ENABLE_OBJC_ARC = YES;
				CLANG_ENABLE_OBJC_WEAK = YES;
				CLANG_WARN_BLOCK_CAPTURE_AUTORELEASING = YES;
				CLANG_WARN_BOOL_CONVERSION = YES;
				CLANG_WARN_COMMA = YES;
				CLANG_WARN_CONSTANT_CONVERSION = YES;
				CLANG_WARN_DEPRECATED_OBJC_IMPLEMENTATIONS = YES;
				CLANG_WARN_DIRECT_OBJC_ISA_USAGE = YES_ERROR;
				CLANG_WARN_DOCUMENTATION_COMMENTS = YES;
				CLANG_WARN_EMPTY_BODY = YES;
				CLANG_WARN_ENUM_CONVERSION = YES;
				CLANG_WARN_INFINITE_RECURSION = YES;
				CLANG_WARN_INT_CONVERSION = YES;
				CLANG_WARN_NON_LITERAL_NULL_CONVERSION = YES;
				CLANG_WARN_OBJC_IMPLICIT_RETAIN_SELF = YES;
				CLANG_WARN_OBJC_LITERAL_CONVERSION = YES;
				CLANG_WARN_OBJC_ROOT_CLASS = YES_ERROR;
				CLANG_WARN_QUOTED_INCLUDE_IN_FRAMEWORK_HEADER = YES;
				CLANG_WARN_RANGE_LOOP_ANALYSIS = YES;
				CLANG_WARN_STRICT_PROTOTYPES = YES;
				CLANG_WARN_SUSPICIOUS_MOVE = YES;
				CLANG_WARN_UNGUARDED_AVAILABILITY = YES_AGGRESSIVE;
				CLANG_WARN_UNREACHABLE_CODE = YES;
				CLANG_WARN__DUPLICATE_METHOD_MATCH = YES;
				COPY_PHASE_STRIP = NO;
				DEBUG_INFORMATION_FORMAT = "dwarf-with-dsym";
				ENABLE_NS_ASSERTIONS = NO;
				ENABLE_STRICT_OBJC_MSGSEND = YES;
				GCC_C_LANGUAGE_STANDARD = gnu11;
				GCC_NO_COMMON_BLOCKS = YES;
				GCC_WARN_64_TO_32_BIT_CONVERSION = YES;
				GCC_WARN_ABOUT_RETURN_TYPE = YES_ERROR;
				GCC_WARN_UNDECLARED_SELECTOR = YES;
				GCC_WARN_UNINITIALIZED_AUTOS = YES_AGGRESSIVE;
				GCC_WARN_UNUSED_FUNCTION = YES;
				GCC_WARN_UNUSED_VARIABLE = YES;
				IPHONEOS_DEPLOYMENT_TARGET = 16.2;
				MTL_ENABLE_DEBUG_INFO = NO;
				MTL_FAST_MATH = YES;
				SDKROOT = iphoneos;
				SWIFT_COMPILATION_MODE = wholemodule;
				SWIFT_OPTIMIZATION_LEVEL = "-O";
				VALIDATE_PRODUCT = YES;
			};
			name = Release;
		};
		B5A82AD72A133C0C001DC98E /* Debug */ = {
			isa = XCBuildConfiguration;
			buildSettings = {
				ASSETCATALOG_COMPILER_APPICON_NAME = AppIcon;
				ASSETCATALOG_COMPILER_GLOBAL_ACCENT_COLOR_NAME = AccentColor;
				CODE_SIGN_STYLE = Automatic;
				CURRENT_PROJECT_VERSION = 1;
				DEVELOPMENT_ASSET_PATHS = "\"GroceryList2/Preview Content\"";
				ENABLE_PREVIEWS = YES;
				GENERATE_INFOPLIST_FILE = YES;
				INFOPLIST_KEY_UIApplicationSceneManifest_Generation = YES;
				INFOPLIST_KEY_UIApplicationSupportsIndirectInputEvents = YES;
				INFOPLIST_KEY_UILaunchScreen_Generation = YES;
				INFOPLIST_KEY_UISupportedInterfaceOrientations_iPad = "UIInterfaceOrientationPortrait UIInterfaceOrientationPortraitUpsideDown UIInterfaceOrientationLandscapeLeft UIInterfaceOrientationLandscapeRight";
				INFOPLIST_KEY_UISupportedInterfaceOrientations_iPhone = "UIInterfaceOrientationPortrait UIInterfaceOrientationLandscapeLeft UIInterfaceOrientationLandscapeRight";
				LD_RUNPATH_SEARCH_PATHS = (
					"$(inherited)",
					"@executable_path/Frameworks",
				);
				MARKETING_VERSION = 1.0;
				PRODUCT_BUNDLE_IDENTIFIER = AShi.GroceryList2;
				PRODUCT_NAME = "$(TARGET_NAME)";
				SWIFT_EMIT_LOC_STRINGS = YES;
				SWIFT_VERSION = 5.0;
				TARGETED_DEVICE_FAMILY = "1,2";
			};
			name = Debug;
		};
		B5A82AD82A133C0C001DC98E /* Release */ = {
			isa = XCBuildConfiguration;
			buildSettings = {
				ASSETCATALOG_COMPILER_APPICON_NAME = AppIcon;
				ASSETCATALOG_COMPILER_GLOBAL_ACCENT_COLOR_NAME = AccentColor;
				CODE_SIGN_STYLE = Automatic;
				CURRENT_PROJECT_VERSION = 1;
				DEVELOPMENT_ASSET_PATHS = "\"GroceryList2/Preview Content\"";
				ENABLE_PREVIEWS = YES;
				GENERATE_INFOPLIST_FILE = YES;
				INFOPLIST_KEY_UIApplicationSceneManifest_Generation = YES;
				INFOPLIST_KEY_UIApplicationSupportsIndirectInputEvents = YES;
				INFOPLIST_KEY_UILaunchScreen_Generation = YES;
				INFOPLIST_KEY_UISupportedInterfaceOrientations_iPad = "UIInterfaceOrientationPortrait UIInterfaceOrientationPortraitUpsideDown UIInterfaceOrientationLandscapeLeft UIInterfaceOrientationLandscapeRight";
				INFOPLIST_KEY_UISupportedInterfaceOrientations_iPhone = "UIInterfaceOrientationPortrait UIInterfaceOrientationLandscapeLeft UIInterfaceOrientationLandscapeRight";
				LD_RUNPATH_SEARCH_PATHS = (
					"$(inherited)",
					"@executable_path/Frameworks",
				);
				MARKETING_VERSION = 1.0;
				PRODUCT_BUNDLE_IDENTIFIER = AShi.GroceryList2;
				PRODUCT_NAME = "$(TARGET_NAME)";
				SWIFT_EMIT_LOC_STRINGS = YES;
				SWIFT_VERSION = 5.0;
				TARGETED_DEVICE_FAMILY = "1,2";
			};
			name = Release;
		};
/* End XCBuildConfiguration section */

/* Begin XCConfigurationList section */
		B5A82ABE2A133C0A001DC98E /* Build configuration list for PBXProject "CarrotList" */ = {
			isa = XCConfigurationList;
			buildConfigurations = (
				B5A82AD42A133C0C001DC98E /* Debug */,
				B5A82AD52A133C0C001DC98E /* Release */,
			);
			defaultConfigurationIsVisible = 0;
			defaultConfigurationName = Release;
		};
		B5A82AD62A133C0C001DC98E /* Build configuration list for PBXNativeTarget "GroceryList2" */ = {
			isa = XCConfigurationList;
			buildConfigurations = (
				B5A82AD72A133C0C001DC98E /* Debug */,
				B5A82AD82A133C0C001DC98E /* Release */,
			);
			defaultConfigurationIsVisible = 0;
			defaultConfigurationName = Release;
		};
/* End XCConfigurationList section */

/* Begin XCVersionGroup section */
		B5A82AD12A133C0C001DC98E /* GroceryList2.xcdatamodeld */ = {
			isa = XCVersionGroup;
			children = (
				B5A82AD22A133C0C001DC98E /* GroceryList2.xcdatamodel */,
			);
			currentVersion = B5A82AD22A133C0C001DC98E /* GroceryList2.xcdatamodel */;
			path = GroceryList2.xcdatamodeld;
			sourceTree = "<group>";
			versionGroupType = wrapper.xcdatamodel;
		};
		B5A82ADD2A133CD0001DC98E /* Groceries.xcdatamodeld */ = {
			isa = XCVersionGroup;
			children = (
				B5A82ADE2A133CD0001DC98E /* Groceries.xcdatamodel */,
			);
			currentVersion = B5A82ADE2A133CD0001DC98E /* Groceries.xcdatamodel */;
			path = Groceries.xcdatamodeld;
			sourceTree = "<group>";
			versionGroupType = wrapper.xcdatamodel;
		};
/* End XCVersionGroup section */
	};
	rootObject = B5A82ABB2A133C0A001DC98E /* Project object */;
}
